﻿
Microsoft Visual Studio Solution File, Format Version 12.00
# Visual Studio Version 17
VisualStudioVersion = 17.10.35027.167
MinimumVisualStudioVersion = 10.0.40219.1
Project("{FAE04EC0-301F-11D3-BF4B-00C04F79EFBC}") = "ScraperDll", "src\ScraperDll.csproj", "{0682E859-4B8D-4405-BF27-FAABBA09A20A}"
EndProject
Project("{FAE04EC0-301F-11D3-BF4B-00C04F79EFBC}") = "ScraperDllTest", "tests\ScraperDllTest.csproj", "{C4618925-772C-4D93-AE39-8C4BCFF487F2}"
EndProject
Global
	GlobalSection(SolutionConfigurationPlatforms) = preSolution
		Debug|Any CPU = Debug|Any CPU
		Release|Any CPU = Release|Any CPU
	EndGlobalSection
	GlobalSection(ProjectConfigurationPlatforms) = postSolution
		{0682E859-4B8D-4405-BF27-FAABBA09A20A}.Debug|Any CPU.ActiveCfg = Debug|Any CPU
		{0682E859-4B8D-4405-BF27-FAABBA09A20A}.Debug|Any CPU.Build.0 = Debug|Any CPU
		{0682E859-4B8D-4405-BF27-FAABBA09A20A}.Release|Any CPU.ActiveCfg = Release|Any CPU
		{0682E859-4B8D-4405-BF27-FAABBA09A20A}.Release|Any CPU.Build.0 = Release|Any CPU
		{C4618925-772C-4D93-AE39-8C4BCFF487F2}.Debug|Any CPU.ActiveCfg = Debug|Any CPU
		{C4618925-772C-4D93-AE39-8C4BCFF487F2}.Debug|Any CPU.Build.0 = Debug|Any CPU
		{C4618925-772C-4D93-AE39-8C4BCFF487F2}.Release|Any CPU.ActiveCfg = Release|Any CPU
		{C4618925-772C-4D93-AE39-8C4BCFF487F2}.Release|Any CPU.Build.0 = Release|Any CPU
	EndGlobalSection
	GlobalSection(SolutionProperties) = preSolution
		HideSolutionNode = FALSE
	EndGlobalSection
	GlobalSection(ExtensibilityGlobals) = postSolution
		SolutionGuid = {CB0A96EC-3A53-4744-BBA7-6F35C61F1DA7}
	EndGlobalSection
EndGlobal